// !$*UTF8*$!
{
	archiveVersion = 1;
	classes = {
	};
	objectVersion = 77;
	objects = {

/* Begin PBXContainerItemProxy section */
		3DCC25AF2D5152EF00A7AF49 /* PBXContainerItemProxy */ = {
			isa = PBXContainerItemProxy;
			containerPortal = 3DCC25962D5152EE00A7AF49 /* Project object */;
			proxyType = 1;
			remoteGlobalIDString = 3DCC259D2D5152EE00A7AF49;
			remoteInfo = "bipa-caiofranca";
		};
		3DCC25B92D5152EF00A7AF49 /* PBXContainerItemProxy */ = {
			isa = PBXContainerItemProxy;
			containerPortal = 3DCC25962D5152EE00A7AF49 /* Project object */;
			proxyType = 1;
			remoteGlobalIDString = 3DCC259D2D5152EE00A7AF49;
			remoteInfo = "bipa-caiofranca";
		};
/* End PBXContainerItemProxy section */

/* Begin PBXFileReference section */
		3DCC259E2D5152EE00A7AF49 /* bipa-caiofranca.app */ = {isa = PBXFileReference; explicitFileType = wrapper.application; includeInIndex = 0; path = "bipa-caiofranca.app"; sourceTree = BUILT_PRODUCTS_DIR; };
		3DCC25AE2D5152EF00A7AF49 /* bipa-caiofrancaTests.xctest */ = {isa = PBXFileReference; explicitFileType = wrapper.cfbundle; includeInIndex = 0; path = "bipa-caiofrancaTests.xctest"; sourceTree = BUILT_PRODUCTS_DIR; };
		3DCC25B82D5152EF00A7AF49 /* bipa-caiofrancaUITests.xctest */ = {isa = PBXFileReference; explicitFileType = wrapper.cfbundle; includeInIndex = 0; path = "bipa-caiofrancaUITests.xctest"; sourceTree = BUILT_PRODUCTS_DIR; };
/* End PBXFileReference section */

/* Begin PBXFileSystemSynchronizedRootGroup section */
		3DCC25A02D5152EE00A7AF49 /* bipa-caiofranca */ = {
			isa = PBXFileSystemSynchronizedRootGroup;
			path = "bipa-caiofranca";
			sourceTree = "<group>";
		};
		3DCC25B12D5152EF00A7AF49 /* bipa-caiofrancaTests */ = {
			isa = PBXFileSystemSynchronizedRootGroup;
			path = "bipa-caiofrancaTests";
			sourceTree = "<group>";
		};
		3DCC25BB2D5152EF00A7AF49 /* bipa-caiofrancaUITests */ = {
			isa = PBXFileSystemSynchronizedRootGroup;
			path = "bipa-caiofrancaUITests";
			sourceTree = "<group>";
		};
/* End PBXFileSystemSynchronizedRootGroup section */

/* Begin PBXFrameworksBuildPhase section */
		3DCC259B2D5152EE00A7AF49 /* Frameworks */ = {
			isa = PBXFrameworksBuildPhase;
			buildActionMask = 2147483647;
			files = (
			);
			runOnlyForDeploymentPostprocessing = 0;
		};
		3DCC25AB2D5152EF00A7AF49 /* Frameworks */ = {
			isa = PBXFrameworksBuildPhase;
			buildActionMask = 2147483647;
			files = (
			);
			runOnlyForDeploymentPostprocessing = 0;
		};
		3DCC25B52D5152EF00A7AF49 /* Frameworks */ = {
			isa = PBXFrameworksBuildPhase;
			buildActionMask = 2147483647;
			files = (
			);
			runOnlyForDeploymentPostprocessing = 0;
		};
/* End PBXFrameworksBuildPhase section */

/* Begin PBXGroup section */
		3DCC25952D5152EE00A7AF49 = {
			isa = PBXGroup;
			children = (
				3DCC25A02D5152EE00A7AF49 /* bipa-caiofranca */,
				3DCC25B12D5152EF00A7AF49 /* bipa-caiofrancaTests */,
				3DCC25BB2D5152EF00A7AF49 /* bipa-caiofrancaUITests */,
				3DCC259F2D5152EE00A7AF49 /* Products */,
			);
			sourceTree = "<group>";
		};
		3DCC259F2D5152EE00A7AF49 /* Products */ = {
			isa = PBXGroup;
			children = (
				3DCC259E2D5152EE00A7AF49 /* bipa-caiofranca.app */,
				3DCC25AE2D5152EF00A7AF49 /* bipa-caiofrancaTests.xctest */,
				3DCC25B82D5152EF00A7AF49 /* bipa-caiofrancaUITests.xctest */,
			);
			name = Products;
			sourceTree = "<group>";
		};
/* End PBXGroup section */

/* Begin PBXNativeTarget section */
		3DCC259D2D5152EE00A7AF49 /* bipa-caiofranca */ = {
			isa = PBXNativeTarget;
			buildConfigurationList = 3DCC25C22D5152EF00A7AF49 /* Build configuration list for PBXNativeTarget "bipa-caiofranca" */;
			buildPhases = (
				3DCC259A2D5152EE00A7AF49 /* Sources */,
				3DCC259B2D5152EE00A7AF49 /* Frameworks */,
				3DCC259C2D5152EE00A7AF49 /* Resources */,
			);
			buildRules = (
			);
			dependencies = (
			);
			fileSystemSynchronizedGroups = (
				3DCC25A02D5152EE00A7AF49 /* bipa-caiofranca */,
			);
			name = "bipa-caiofranca";
			packageProductDependencies = (
			);
			productName = "bipa-caiofranca";
			productReference = 3DCC259E2D5152EE00A7AF49 /* bipa-caiofranca.app */;
			productType = "com.apple.product-type.application";
		};
		3DCC25AD2D5152EF00A7AF49 /* bipa-caiofrancaTests */ = {
			isa = PBXNativeTarget;
			buildConfigurationList = 3DCC25C52D5152EF00A7AF49 /* Build configuration list for PBXNativeTarget "bipa-caiofrancaTests" */;
			buildPhases = (
				3DCC25AA2D5152EF00A7AF49 /* Sources */,
				3DCC25AB2D5152EF00A7AF49 /* Frameworks */,
				3DCC25AC2D5152EF00A7AF49 /* Resources */,
			);
			buildRules = (
			);
			dependencies = (
				3DCC25B02D5152EF00A7AF49 /* PBXTargetDependency */,
			);
			fileSystemSynchronizedGroups = (
				3DCC25B12D5152EF00A7AF49 /* bipa-caiofrancaTests */,
			);
			name = "bipa-caiofrancaTests";
			packageProductDependencies = (
			);
			productName = "bipa-caiofrancaTests";
			productReference = 3DCC25AE2D5152EF00A7AF49 /* bipa-caiofrancaTests.xctest */;
			productType = "com.apple.product-type.bundle.unit-test";
		};
		3DCC25B72D5152EF00A7AF49 /* bipa-caiofrancaUITests */ = {
			isa = PBXNativeTarget;
			buildConfigurationList = 3DCC25C82D5152EF00A7AF49 /* Build configuration list for PBXNativeTarget "bipa-caiofrancaUITests" */;
			buildPhases = (
				3DCC25B42D5152EF00A7AF49 /* Sources */,
				3DCC25B52D5152EF00A7AF49 /* Frameworks */,
				3DCC25B62D5152EF00A7AF49 /* Resources */,
			);
			buildRules = (
			);
			dependencies = (
				3DCC25BA2D5152EF00A7AF49 /* PBXTargetDependency */,
			);
			fileSystemSynchronizedGroups = (
				3DCC25BB2D5152EF00A7AF49 /* bipa-caiofrancaUITests */,
			);
			name = "bipa-caiofrancaUITests";
			packageProductDependencies = (
			);
			productName = "bipa-caiofrancaUITests";
			productReference = 3DCC25B82D5152EF00A7AF49 /* bipa-caiofrancaUITests.xctest */;
			productType = "com.apple.product-type.bundle.ui-testing";
		};
/* End PBXNativeTarget section */

/* Begin PBXProject section */
		3DCC25962D5152EE00A7AF49 /* Project object */ = {
			isa = PBXProject;
			attributes = {
				BuildIndependentTargetsInParallel = 1;
				LastSwiftUpdateCheck = 1610;
				LastUpgradeCheck = 1610;
				TargetAttributes = {
					3DCC259D2D5152EE00A7AF49 = {
						CreatedOnToolsVersion = 16.1;
					};
					3DCC25AD2D5152EF00A7AF49 = {
						CreatedOnToolsVersion = 16.1;
						TestTargetID = 3DCC259D2D5152EE00A7AF49;
					};
					3DCC25B72D5152EF00A7AF49 = {
						CreatedOnToolsVersion = 16.1;
						TestTargetID = 3DCC259D2D5152EE00A7AF49;
					};
				};
			};
			buildConfigurationList = 3DCC25992D5152EE00A7AF49 /* Build configuration list for PBXProject "bipa-caiofranca" */;
			developmentRegion = en;
			hasScannedForEncodings = 0;
			knownRegions = (
				en,
				Base,
			);
			mainGroup = 3DCC25952D5152EE00A7AF49;
			minimizedProjectReferenceProxies = 1;
			preferredProjectObjectVersion = 77;
			productRefGroup = 3DCC259F2D5152EE00A7AF49 /* Products */;
			projectDirPath = "";
			projectRoot = "";
			targets = (
				3DCC259D2D5152EE00A7AF49 /* bipa-caiofranca */,
				3DCC25AD2D5152EF00A7AF49 /* bipa-caiofrancaTests */,
				3DCC25B72D5152EF00A7AF49 /* bipa-caiofrancaUITests */,
			);
		};
/* End PBXProject section */

/* Begin PBXResourcesBuildPhase section */
		3DCC259C2D5152EE00A7AF49 /* Resources */ = {
			isa = PBXResourcesBuildPhase;
			buildActionMask = 2147483647;
			files = (
			);
			runOnlyForDeploymentPostprocessing = 0;
		};
		3DCC25AC2D5152EF00A7AF49 /* Resources */ = {
			isa = PBXResourcesBuildPhase;
			buildActionMask = 2147483647;
			files = (
			);
			runOnlyForDeploymentPostprocessing = 0;
		};
		3DCC25B62D5152EF00A7AF49 /* Resources */ = {
			isa = PBXResourcesBuildPhase;
			buildActionMask = 2147483647;
			files = (
			);
			runOnlyForDeploymentPostprocessing = 0;
		};
/* End PBXResourcesBuildPhase section */

/* Begin PBXSourcesBuildPhase section */
		3DCC259A2D5152EE00A7AF49 /* Sources */ = {
			isa = PBXSourcesBuildPhase;
			buildActionMask = 2147483647;
			files = (
			);
			runOnlyForDeploymentPostprocessing = 0;
		};
		3DCC25AA2D5152EF00A7AF49 /* Sources */ = {
			isa = PBXSourcesBuildPhase;
			buildActionMask = 2147483647;
			files = (
			);
			runOnlyForDeploymentPostprocessing = 0;
		};
		3DCC25B42D5152EF00A7AF49 /* Sources */ = {
			isa = PBXSourcesBuildPhase;
			buildActionMask = 2147483647;
			files = (
			);
			runOnlyForDeploymentPostprocessing = 0;
		};
/* End PBXSourcesBuildPhase section */

/* Begin PBXTargetDependency section */
		3DCC25B02D5152EF00A7AF49 /* PBXTargetDependency */ = {
			isa = PBXTargetDependency;
			target = 3DCC259D2D5152EE00A7AF49 /* bipa-caiofranca */;
			targetProxy = 3DCC25AF2D5152EF00A7AF49 /* PBXContainerItemProxy */;
		};
		3DCC25BA2D5152EF00A7AF49 /* PBXTargetDependency */ = {
			isa = PBXTargetDependency;
			target = 3DCC259D2D5152EE00A7AF49 /* bipa-caiofranca */;
			targetProxy = 3DCC25B92D5152EF00A7AF49 /* PBXContainerItemProxy */;
		};
/* End PBXTargetDependency section */

/* Begin XCBuildConfiguration section */
		3DCC25C02D5152EF00A7AF49 /* Debug */ = {
			isa = XCBuildConfiguration;
			buildSettings = {
				ALWAYS_SEARCH_USER_PATHS = NO;
				ASSETCATALOG_COMPILER_GENERATE_SWIFT_ASSET_SYMBOL_EXTENSIONS = YES;
				CLANG_ANALYZER_NONNULL = YES;
				CLANG_ANALYZER_NUMBER_OBJECT_CONVERSION = YES_AGGRESSIVE;
				CLANG_CXX_LANGUAGE_STANDARD = "gnu++20";
				CLANG_ENABLE_MODULES = YES;
				CLANG_ENABLE_OBJC_ARC = YES;
				CLANG_ENABLE_OBJC_WEAK = YES;
				CLANG_WARN_BLOCK_CAPTURE_AUTORELEASING = YES;
				CLANG_WARN_BOOL_CONVERSION = YES;
				CLANG_WARN_COMMA = YES;
				CLANG_WARN_CONSTANT_CONVERSION = YES;
				CLANG_WARN_DEPRECATED_OBJC_IMPLEMENTATIONS = YES;
				CLANG_WARN_DIRECT_OBJC_ISA_USAGE = YES_ERROR;
				CLANG_WARN_DOCUMENTATION_COMMENTS = YES;
				CLANG_WARN_EMPTY_BODY = YES;
				CLANG_WARN_ENUM_CONVERSION = YES;
				CLANG_WARN_INFINITE_RECURSION = YES;
				CLANG_WARN_INT_CONVERSION = YES;
				CLANG_WARN_NON_LITERAL_NULL_CONVERSION = YES;
				CLANG_WARN_OBJC_IMPLICIT_RETAIN_SELF = YES;
				CLANG_WARN_OBJC_LITERAL_CONVERSION = YES;
				CLANG_WARN_OBJC_ROOT_CLASS = YES_ERROR;
				CLANG_WARN_QUOTED_INCLUDE_IN_FRAMEWORK_HEADER = YES;
				CLANG_WARN_RANGE_LOOP_ANALYSIS = YES;
				CLANG_WARN_STRICT_PROTOTYPES = YES;
				CLANG_WARN_SUSPICIOUS_MOVE = YES;
				CLANG_WARN_UNGUARDED_AVAILABILITY = YES_AGGRESSIVE;
				CLANG_WARN_UNREACHABLE_CODE = YES;
				CLANG_WARN__DUPLICATE_METHOD_MATCH = YES;
				COPY_PHASE_STRIP = NO;
				DEBUG_INFORMATION_FORMAT = dwarf;
				ENABLE_STRICT_OBJC_MSGSEND = YES;
				ENABLE_TESTABILITY = YES;
				ENABLE_USER_SCRIPT_SANDBOXING = YES;
				GCC_C_LANGUAGE_STANDARD = gnu17;
				GCC_DYNAMIC_NO_PIC = NO;
				GCC_NO_COMMON_BLOCKS = YES;
				GCC_OPTIMIZATION_LEVEL = 0;
				GCC_PREPROCESSOR_DEFINITIONS = (
					"DEBUG=1",
					"$(inherited)",
				);
				GCC_WARN_64_TO_32_BIT_CONVERSION = YES;
				GCC_WARN_ABOUT_RETURN_TYPE = YES_ERROR;
				GCC_WARN_UNDECLARED_SELECTOR = YES;
				GCC_WARN_UNINITIALIZED_AUTOS = YES_AGGRESSIVE;
				GCC_WARN_UNUSED_FUNCTION = YES;
				GCC_WARN_UNUSED_VARIABLE = YES;
				IPHONEOS_DEPLOYMENT_TARGET = 18.1;
				LOCALIZATION_PREFERS_STRING_CATALOGS = YES;
				MTL_ENABLE_DEBUG_INFO = INCLUDE_SOURCE;
				MTL_FAST_MATH = YES;
				ONLY_ACTIVE_ARCH = YES;
				SDKROOT = iphoneos;
				SWIFT_ACTIVE_COMPILATION_CONDITIONS = "DEBUG $(inherited)";
				SWIFT_OPTIMIZATION_LEVEL = "-Onone";
			};
			name = Debug;
		};
		3DCC25C12D5152EF00A7AF49 /* Release */ = {
			isa = XCBuildConfiguration;
			buildSettings = {
				ALWAYS_SEARCH_USER_PATHS = NO;
				ASSETCATALOG_COMPILER_GENERATE_SWIFT_ASSET_SYMBOL_EXTENSIONS = YES;
				CLANG_ANALYZER_NONNULL = YES;
				CLANG_ANALYZER_NUMBER_OBJECT_CONVERSION = YES_AGGRESSIVE;
				CLANG_CXX_LANGUAGE_STANDARD = "gnu++20";
				CLANG_ENABLE_MODULES = YES;
				CLANG_ENABLE_OBJC_ARC = YES;
				CLANG_ENABLE_OBJC_WEAK = YES;
				CLANG_WARN_BLOCK_CAPTURE_AUTORELEASING = YES;
				CLANG_WARN_BOOL_CONVERSION = YES;
				CLANG_WARN_COMMA = YES;
				CLANG_WARN_CONSTANT_CONVERSION = YES;
				CLANG_WARN_DEPRECATED_OBJC_IMPLEMENTATIONS = YES;
				CLANG_WARN_DIRECT_OBJC_ISA_USAGE = YES_ERROR;
				CLANG_WARN_DOCUMENTATION_COMMENTS = YES;
				CLANG_WARN_EMPTY_BODY = YES;
				CLANG_WARN_ENUM_CONVERSION = YES;
				CLANG_WARN_INFINITE_RECURSION = YES;
				CLANG_WARN_INT_CONVERSION = YES;
				CLANG_WARN_NON_LITERAL_NULL_CONVERSION = YES;
				CLANG_WARN_OBJC_IMPLICIT_RETAIN_SELF = YES;
				CLANG_WARN_OBJC_LITERAL_CONVERSION = YES;
				CLANG_WARN_OBJC_ROOT_CLASS = YES_ERROR;
				CLANG_WARN_QUOTED_INCLUDE_IN_FRAMEWORK_HEADER = YES;
				CLANG_WARN_RANGE_LOOP_ANALYSIS = YES;
				CLANG_WARN_STRICT_PROTOTYPES = YES;
				CLANG_WARN_SUSPICIOUS_MOVE = YES;
				CLANG_WARN_UNGUARDED_AVAILABILITY = YES_AGGRESSIVE;
				CLANG_WARN_UNREACHABLE_CODE = YES;
				CLANG_WARN__DUPLICATE_METHOD_MATCH = YES;
				COPY_PHASE_STRIP = NO;
				DEBUG_INFORMATION_FORMAT = "dwarf-with-dsym";
				ENABLE_NS_ASSERTIONS = NO;
				ENABLE_STRICT_OBJC_MSGSEND = YES;
				ENABLE_USER_SCRIPT_SANDBOXING = YES;
				GCC_C_LANGUAGE_STANDARD = gnu17;
				GCC_NO_COMMON_BLOCKS = YES;
				GCC_WARN_64_TO_32_BIT_CONVERSION = YES;
				GCC_WARN_ABOUT_RETURN_TYPE = YES_ERROR;
				GCC_WARN_UNDECLARED_SELECTOR = YES;
				GCC_WARN_UNINITIALIZED_AUTOS = YES_AGGRESSIVE;
				GCC_WARN_UNUSED_FUNCTION = YES;
				GCC_WARN_UNUSED_VARIABLE = YES;
				IPHONEOS_DEPLOYMENT_TARGET = 18.1;
				LOCALIZATION_PREFERS_STRING_CATALOGS = YES;
				MTL_ENABLE_DEBUG_INFO = NO;
				MTL_FAST_MATH = YES;
				SDKROOT = iphoneos;
				SWIFT_COMPILATION_MODE = wholemodule;
				VALIDATE_PRODUCT = YES;
			};
			name = Release;
		};
		3DCC25C32D5152EF00A7AF49 /* Debug */ = {
			isa = XCBuildConfiguration;
			buildSettings = {
				ASSETCATALOG_COMPILER_APPICON_NAME = AppIcon;
				ASSETCATALOG_COMPILER_GLOBAL_ACCENT_COLOR_NAME = AccentColor;
				CODE_SIGN_STYLE = Automatic;
				CURRENT_PROJECT_VERSION = 1;
				DEVELOPMENT_ASSET_PATHS = "\"bipa-caiofranca/Preview Content\"";
				DEVELOPMENT_TEAM = V6DZ7C52Z5;
				ENABLE_PREVIEWS = YES;
				GENERATE_INFOPLIST_FILE = YES;
				INFOPLIST_KEY_UIApplicationSceneManifest_Generation = YES;
				INFOPLIST_KEY_UIApplicationSupportsIndirectInputEvents = YES;
				INFOPLIST_KEY_UILaunchScreen_Generation = YES;
				INFOPLIST_KEY_UISupportedInterfaceOrientations_iPad = "UIInterfaceOrientationPortrait UIInterfaceOrientationPortraitUpsideDown UIInterfaceOrientationLandscapeLeft UIInterfaceOrientationLandscapeRight";
				INFOPLIST_KEY_UISupportedInterfaceOrientations_iPhone = "UIInterfaceOrientationPortrait UIInterfaceOrientationLandscapeLeft UIInterfaceOrientationLandscapeRight";
				LD_RUNPATH_SEARCH_PATHS = (
					"$(inherited)",
					"@executable_path/Frameworks",
				);
				MARKETING_VERSION = 1.0;
				PRODUCT_BUNDLE_IDENTIFIER = "caiofranca.bipa-caiofranca";
				PRODUCT_NAME = "$(TARGET_NAME)";
				SWIFT_EMIT_LOC_STRINGS = YES;
				SWIFT_VERSION = 5.0;
				TARGETED_DEVICE_FAMILY = "1,2";
			};
			name = Debug;
		};
		3DCC25C42D5152EF00A7AF49 /* Release */ = {
			isa = XCBuildConfiguration;
			buildSettings = {
				ASSETCATALOG_COMPILER_APPICON_NAME = AppIcon;
				ASSETCATALOG_COMPILER_GLOBAL_ACCENT_COLOR_NAME = AccentColor;
				CODE_SIGN_STYLE = Automatic;
				CURRENT_PROJECT_VERSION = 1;
				DEVELOPMENT_ASSET_PATHS = "\"bipa-caiofranca/Preview Content\"";
				DEVELOPMENT_TEAM = V6DZ7C52Z5;
				ENABLE_PREVIEWS = YES;
				GENERATE_INFOPLIST_FILE = YES;
				INFOPLIST_KEY_UIApplicationSceneManifest_Generation = YES;
				INFOPLIST_KEY_UIApplicationSupportsIndirectInputEvents = YES;
				INFOPLIST_KEY_UILaunchScreen_Generation = YES;
				INFOPLIST_KEY_UISupportedInterfaceOrientations_iPad = "UIInterfaceOrientationPortrait UIInterfaceOrientationPortraitUpsideDown UIInterfaceOrientationLandscapeLeft UIInterfaceOrientationLandscapeRight";
				INFOPLIST_KEY_UISupportedInterfaceOrientations_iPhone = "UIInterfaceOrientationPortrait UIInterfaceOrientationLandscapeLeft UIInterfaceOrientationLandscapeRight";
				LD_RUNPATH_SEARCH_PATHS = (
					"$(inherited)",
					"@executable_path/Frameworks",
				);
				MARKETING_VERSION = 1.0;
				PRODUCT_BUNDLE_IDENTIFIER = "caiofranca.bipa-caiofranca";
				PRODUCT_NAME = "$(TARGET_NAME)";
				SWIFT_EMIT_LOC_STRINGS = YES;
				SWIFT_VERSION = 5.0;
				TARGETED_DEVICE_FAMILY = "1,2";
			};
			name = Release;
		};
		3DCC25C62D5152EF00A7AF49 /* Debug */ = {
			isa = XCBuildConfiguration;
			buildSettings = {
				BUNDLE_LOADER = "$(TEST_HOST)";
				CODE_SIGN_STYLE = Automatic;
				CURRENT_PROJECT_VERSION = 1;
				DEVELOPMENT_TEAM = V6DZ7C52Z5;
				GENERATE_INFOPLIST_FILE = YES;
				IPHONEOS_DEPLOYMENT_TARGET = 18.1;
				MARKETING_VERSION = 1.0;
				PRODUCT_BUNDLE_IDENTIFIER = "caiofranca.bipa-caiofrancaTests";
				PRODUCT_NAME = "$(TARGET_NAME)";
				SWIFT_EMIT_LOC_STRINGS = NO;
				SWIFT_VERSION = 5.0;
				TARGETED_DEVICE_FAMILY = "1,2";
				TEST_HOST = "$(BUILT_PRODUCTS_DIR)/bipa-caiofranca.app/$(BUNDLE_EXECUTABLE_FOLDER_PATH)/bipa-caiofranca";
			};
			name = Debug;
		};
		3DCC25C72D5152EF00A7AF49 /* Release */ = {
			isa = XCBuildConfiguration;
			buildSettings = {
				BUNDLE_LOADER = "$(TEST_HOST)";
				CODE_SIGN_STYLE = Automatic;
				CURRENT_PROJECT_VERSION = 1;
				DEVELOPMENT_TEAM = V6DZ7C52Z5;
				GENERATE_INFOPLIST_FILE = YES;
				IPHONEOS_DEPLOYMENT_TARGET = 18.1;
				MARKETING_VERSION = 1.0;
				PRODUCT_BUNDLE_IDENTIFIER = "caiofranca.bipa-caiofrancaTests";
				PRODUCT_NAME = "$(TARGET_NAME)";
				SWIFT_EMIT_LOC_STRINGS = NO;
				SWIFT_VERSION = 5.0;
				TARGETED_DEVICE_FAMILY = "1,2";
				TEST_HOST = "$(BUILT_PRODUCTS_DIR)/bipa-caiofranca.app/$(BUNDLE_EXECUTABLE_FOLDER_PATH)/bipa-caiofranca";
			};
			name = Release;
		};
		3DCC25C92D5152EF00A7AF49 /* Debug */ = {
			isa = XCBuildConfiguration;
			buildSettings = {
				CODE_SIGN_STYLE = Automatic;
				CURRENT_PROJECT_VERSION = 1;
				DEVELOPMENT_TEAM = V6DZ7C52Z5;
				GENERATE_INFOPLIST_FILE = YES;
				MARKETING_VERSION = 1.0;
				PRODUCT_BUNDLE_IDENTIFIER = "caiofranca.bipa-caiofrancaUITests";
				PRODUCT_NAME = "$(TARGET_NAME)";
				SWIFT_EMIT_LOC_STRINGS = NO;
				SWIFT_VERSION = 5.0;
				TARGETED_DEVICE_FAMILY = "1,2";
				TEST_TARGET_NAME = "bipa-caiofranca";
			};
			name = Debug;
		};
		3DCC25CA2D5152EF00A7AF49 /* Release */ = {
			isa = XCBuildConfiguration;
			buildSettings = {
				CODE_SIGN_STYLE = Automatic;
				CURRENT_PROJECT_VERSION = 1;
				DEVELOPMENT_TEAM = V6DZ7C52Z5;
				GENERATE_INFOPLIST_FILE = YES;
				MARKETING_VERSION = 1.0;
				PRODUCT_BUNDLE_IDENTIFIER = "caiofranca.bipa-caiofrancaUITests";
				PRODUCT_NAME = "$(TARGET_NAME)";
				SWIFT_EMIT_LOC_STRINGS = NO;
				SWIFT_VERSION = 5.0;
				TARGETED_DEVICE_FAMILY = "1,2";
				TEST_TARGET_NAME = "bipa-caiofranca";
			};
			name = Release;
		};
/* End XCBuildConfiguration section */

/* Begin XCConfigurationList section */
		3DCC25992D5152EE00A7AF49 /* Build configuration list for PBXProject "bipa-caiofranca" */ = {
			isa = XCConfigurationList;
			buildConfigurations = (
				3DCC25C02D5152EF00A7AF49 /* Debug */,
				3DCC25C12D5152EF00A7AF49 /* Release */,
			);
			defaultConfigurationIsVisible = 0;
			defaultConfigurationName = Release;
		};
		3DCC25C22D5152EF00A7AF49 /* Build configuration list for PBXNativeTarget "bipa-caiofranca" */ = {
			isa = XCConfigurationList;
			buildConfigurations = (
				3DCC25C32D5152EF00A7AF49 /* Debug */,
				3DCC25C42D5152EF00A7AF49 /* Release */,
			);
			defaultConfigurationIsVisible = 0;
			defaultConfigurationName = Release;
		};
		3DCC25C52D5152EF00A7AF49 /* Build configuration list for PBXNativeTarget "bipa-caiofrancaTests" */ = {
			isa = XCConfigurationList;
			buildConfigurations = (
				3DCC25C62D5152EF00A7AF49 /* Debug */,
				3DCC25C72D5152EF00A7AF49 /* Release */,
			);
			defaultConfigurationIsVisible = 0;
			defaultConfigurationName = Release;
		};
		3DCC25C82D5152EF00A7AF49 /* Build configuration list for PBXNativeTarget "bipa-caiofrancaUITests" */ = {
			isa = XCConfigurationList;
			buildConfigurations = (
				3DCC25C92D5152EF00A7AF49 /* Debug */,
				3DCC25CA2D5152EF00A7AF49 /* Release */,
			);
			defaultConfigurationIsVisible = 0;
			defaultConfigurationName = Release;
		};
/* End XCConfigurationList section */
	};
	rootObject = 3DCC25962D5152EE00A7AF49 /* Project object */;
}
